
Microsoft Visual Studio Solution File, Format Version 12.00
# Visual Studio Version 17
VisualStudioVersion = 17.3.32825.248
MinimumVisualStudioVersion = 10.0.40219.1
Project("{8BC9CEB8-8B4A-11D0-8D11-00A0C91BC942}") = "Assignment01", "Assignment01\Assignment01.vcxproj", "{9E6AAAA7-16BD-4840-B0BB-7B65E9016D0C}"
	ProjectSection(ProjectDependencies) = postProject
		{0C79AFBD-B01A-3BD2-90B8-FA14ED7C31E8} = {0C79AFBD-B01A-3BD2-90B8-FA14ED7C31E8}
	EndProjectSection
EndProject
Project("{8BC9CEB8-8B4A-11D0-8D11-00A0C91BC942}") = "assimp", "assimp\code\assimp.vcxproj", "{0C79AFBD-B01A-3BD2-90B8-FA14ED7C31E8}"
EndProject
Project("{8BC9CEB8-8B4A-11D0-8D11-00A0C91BC942}") = "zlibstatic", "assimp\contrib\zlib\zlibstatic.vcxproj", "{29EBE96B-F48F-3B7C-B037-7E55141FAFF3}"
EndProject
Global
	GlobalSection(SolutionConfigurationPlatforms) = preSolution
		BresenhamLine_Debug|x64 = BresenhamLine_Debug|x64
		BresenhamLine_Debug|x86 = BresenhamLine_Debug|x86
		Debug|x64 = Debug|x64
		Debug|x86 = Debug|x86
		MinSizeRel|x64 = MinSizeRel|x64
		MinSizeRel|x86 = MinSizeRel|x86
		Model_Debug|x64 = Model_Debug|x64
		Model_Debug|x86 = Model_Debug|x86
		Release|x64 = Release|x64
		Release|x86 = Release|x86
		RelWithDebInfo|x64 = RelWithDebInfo|x64
		RelWithDebInfo|x86 = RelWithDebInfo|x86
		SimpleLine_Debug|x64 = SimpleLine_Debug|x64
		SimpleLine_Debug|x86 = SimpleLine_Debug|x86
	EndGlobalSection
	GlobalSection(ProjectConfigurationPlatforms) = postSolution
		{9E6AAAA7-16BD-4840-B0BB-7B65E9016D0C}.BresenhamLine_Debug|x64.ActiveCfg = Bresenham_Debug|x64
		{9E6AAAA7-16BD-4840-B0BB-7B65E9016D0C}.BresenhamLine_Debug|x64.Build.0 = Bresenham_Debug|x64
		{9E6AAAA7-16BD-4840-B0BB-7B65E9016D0C}.BresenhamLine_Debug|x86.ActiveCfg = Bresenham_Debug|Win32
		{9E6AAAA7-16BD-4840-B0BB-7B65E9016D0C}.BresenhamLine_Debug|x86.Build.0 = Bresenham_Debug|Win32
		{9E6AAAA7-16BD-4840-B0BB-7B65E9016D0C}.Debug|x64.ActiveCfg = SimpleLine_Debug|x64
		{9E6AAAA7-16BD-4840-B0BB-7B65E9016D0C}.Debug|x64.Build.0 = SimpleLine_Debug|x64
		{9E6AAAA7-16BD-4840-B0BB-7B65E9016D0C}.Debug|x86.ActiveCfg = SimpleLine_Debug|Win32
		{9E6AAAA7-16BD-4840-B0BB-7B65E9016D0C}.Debug|x86.Build.0 = SimpleLine_Debug|Win32
		{9E6AAAA7-16BD-4840-B0BB-7B65E9016D0C}.MinSizeRel|x64.ActiveCfg = SimpleLine_Debug|x64
		{9E6AAAA7-16BD-4840-B0BB-7B65E9016D0C}.MinSizeRel|x64.Build.0 = SimpleLine_Debug|x64
		{9E6AAAA7-16BD-4840-B0BB-7B65E9016D0C}.MinSizeRel|x86.ActiveCfg = SimpleLine_Debug|Win32
		{9E6AAAA7-16BD-4840-B0BB-7B65E9016D0C}.MinSizeRel|x86.Build.0 = SimpleLine_Debug|Win32
		{9E6AAAA7-16BD-4840-B0BB-7B65E9016D0C}.Model_Debug|x64.ActiveCfg = Model_Debug|x64
		{9E6AAAA7-16BD-4840-B0BB-7B65E9016D0C}.Model_Debug|x64.Build.0 = Model_Debug|x64
		{9E6AAAA7-16BD-4840-B0BB-7B65E9016D0C}.Model_Debug|x86.ActiveCfg = Model_Debug|Win32
		{9E6AAAA7-16BD-4840-B0BB-7B65E9016D0C}.Model_Debug|x86.Build.0 = Model_Debug|Win32
		{9E6AAAA7-16BD-4840-B0BB-7B65E9016D0C}.Release|x64.ActiveCfg = Release|x64
		{9E6AAAA7-16BD-4840-B0BB-7B65E9016D0C}.Release|x64.Build.0 = Release|x64
		{9E6AAAA7-16BD-4840-B0BB-7B65E9016D0C}.Release|x86.ActiveCfg = Release|Win32
		{9E6AAAA7-16BD-4840-B0BB-7B65E9016D0C}.Release|x86.Build.0 = Release|Win32
		{9E6AAAA7-16BD-4840-B0BB-7B65E9016D0C}.RelWithDebInfo|x64.ActiveCfg = Release|x64
		{9E6AAAA7-16BD-4840-B0BB-7B65E9016D0C}.RelWithDebInfo|x64.Build.0 = Release|x64
		{9E6AAAA7-16BD-4840-B0BB-7B65E9016D0C}.RelWithDebInfo|x86.ActiveCfg = Release|Win32
		{9E6AAAA7-16BD-4840-B0BB-7B65E9016D0C}.RelWithDebInfo|x86.Build.0 = Release|Win32
		{9E6AAAA7-16BD-4840-B0BB-7B65E9016D0C}.SimpleLine_Debug|x64.ActiveCfg = SimpleLine_Debug|x64
		{9E6AAAA7-16BD-4840-B0BB-7B65E9016D0C}.SimpleLine_Debug|x64.Build.0 = SimpleLine_Debug|x64
		{9E6AAAA7-16BD-4840-B0BB-7B65E9016D0C}.SimpleLine_Debug|x86.ActiveCfg = SimpleLine_Debug|Win32
		{9E6AAAA7-16BD-4840-B0BB-7B65E9016D0C}.SimpleLine_Debug|x86.Build.0 = SimpleLine_Debug|Win32
		{0C79AFBD-B01A-3BD2-90B8-FA14ED7C31E8}.BresenhamLine_Debug|x64.ActiveCfg = Debug|x64
		{0C79AFBD-B01A-3BD2-90B8-FA14ED7C31E8}.BresenhamLine_Debug|x64.Build.0 = Debug|x64
		{0C79AFBD-B01A-3BD2-90B8-FA14ED7C31E8}.BresenhamLine_Debug|x86.ActiveCfg = Debug|x64
		{0C79AFBD-B01A-3BD2-90B8-FA14ED7C31E8}.BresenhamLine_Debug|x86.Build.0 = Debug|x64
		{0C79AFBD-B01A-3BD2-90B8-FA14ED7C31E8}.Debug|x64.ActiveCfg = Debug|x64
		{0C79AFBD-B01A-3BD2-90B8-FA14ED7C31E8}.Debug|x64.Build.0 = Debug|x64
		{0C79AFBD-B01A-3BD2-90B8-FA14ED7C31E8}.Debug|x86.ActiveCfg = Debug|x64
		{0C79AFBD-B01A-3BD2-90B8-FA14ED7C31E8}.Debug|x86.Build.0 = Debug|x64
		{0C79AFBD-B01A-3BD2-90B8-FA14ED7C31E8}.MinSizeRel|x64.ActiveCfg = MinSizeRel|x64
		{0C79AFBD-B01A-3BD2-90B8-FA14ED7C31E8}.MinSizeRel|x64.Build.0 = MinSizeRel|x64
		{0C79AFBD-B01A-3BD2-90B8-FA14ED7C31E8}.MinSizeRel|x86.ActiveCfg = MinSizeRel|x64
		{0C79AFBD-B01A-3BD2-90B8-FA14ED7C31E8}.MinSizeRel|x86.Build.0 = MinSizeRel|x64
		{0C79AFBD-B01A-3BD2-90B8-FA14ED7C31E8}.Model_Debug|x64.ActiveCfg = Model_Debug|x64
		{0C79AFBD-B01A-3BD2-90B8-FA14ED7C31E8}.Model_Debug|x64.Build.0 = Model_Debug|x64
		{0C79AFBD-B01A-3BD2-90B8-FA14ED7C31E8}.Model_Debug|x86.ActiveCfg = Model_Debug|x64
		{0C79AFBD-B01A-3BD2-90B8-FA14ED7C31E8}.Model_Debug|x86.Build.0 = Model_Debug|x64
		{0C79AFBD-B01A-3BD2-90B8-FA14ED7C31E8}.Release|x64.ActiveCfg = Release|x64
		{0C79AFBD-B01A-3BD2-90B8-FA14ED7C31E8}.Release|x64.Build.0 = Release|x64
		{0C79AFBD-B01A-3BD2-90B8-FA14ED7C31E8}.Release|x86.ActiveCfg = Release|x64
		{0C79AFBD-B01A-3BD2-90B8-FA14ED7C31E8}.Release|x86.Build.0 = Release|x64
		{0C79AFBD-B01A-3BD2-90B8-FA14ED7C31E8}.RelWithDebInfo|x64.ActiveCfg = RelWithDebInfo|x64
		{0C79AFBD-B01A-3BD2-90B8-FA14ED7C31E8}.RelWithDebInfo|x64.Build.0 = RelWithDebInfo|x64
		{0C79AFBD-B01A-3BD2-90B8-FA14ED7C31E8}.RelWithDebInfo|x86.ActiveCfg = RelWithDebInfo|x64
		{0C79AFBD-B01A-3BD2-90B8-FA14ED7C31E8}.RelWithDebInfo|x86.Build.0 = RelWithDebInfo|x64
		{0C79AFBD-B01A-3BD2-90B8-FA14ED7C31E8}.SimpleLine_Debug|x64.ActiveCfg = Debug|x64
		{0C79AFBD-B01A-3BD2-90B8-FA14ED7C31E8}.SimpleLine_Debug|x64.Build.0 = Debug|x64
		{0C79AFBD-B01A-3BD2-90B8-FA14ED7C31E8}.SimpleLine_Debug|x86.ActiveCfg = Debug|x64
		{0C79AFBD-B01A-3BD2-90B8-FA14ED7C31E8}.SimpleLine_Debug|x86.Build.0 = Debug|x64
		{29EBE96B-F48F-3B7C-B037-7E55141FAFF3}.BresenhamLine_Debug|x64.ActiveCfg = Debug|x64
		{29EBE96B-F48F-3B7C-B037-7E55141FAFF3}.BresenhamLine_Debug|x64.Build.0 = Debug|x64
		{29EBE96B-F48F-3B7C-B037-7E55141FAFF3}.BresenhamLine_Debug|x86.ActiveCfg = Debug|x64
		{29EBE96B-F48F-3B7C-B037-7E55141FAFF3}.BresenhamLine_Debug|x86.Build.0 = Debug|x64
		{29EBE96B-F48F-3B7C-B037-7E55141FAFF3}.Debug|x64.ActiveCfg = Debug|x64
		{29EBE96B-F48F-3B7C-B037-7E55141FAFF3}.Debug|x64.Build.0 = Debug|x64
		{29EBE96B-F48F-3B7C-B037-7E55141FAFF3}.Debug|x86.ActiveCfg = Debug|x64
		{29EBE96B-F48F-3B7C-B037-7E55141FAFF3}.Debug|x86.Build.0 = Debug|x64
		{29EBE96B-F48F-3B7C-B037-7E55141FAFF3}.MinSizeRel|x64.ActiveCfg = MinSizeRel|x64
		{29EBE96B-F48F-3B7C-B037-7E55141FAFF3}.MinSizeRel|x64.Build.0 = MinSizeRel|x64
		{29EBE96B-F48F-3B7C-B037-7E55141FAFF3}.MinSizeRel|x86.ActiveCfg = MinSizeRel|x64
		{29EBE96B-F48F-3B7C-B037-7E55141FAFF3}.MinSizeRel|x86.Build.0 = MinSizeRel|x64
		{29EBE96B-F48F-3B7C-B037-7E55141FAFF3}.Model_Debug|x64.ActiveCfg = Model_Debug|x64
		{29EBE96B-F48F-3B7C-B037-7E55141FAFF3}.Model_Debug|x64.Build.0 = Model_Debug|x64
		{29EBE96B-F48F-3B7C-B037-7E55141FAFF3}.Model_Debug|x86.ActiveCfg = Model_Debug|x64
		{29EBE96B-F48F-3B7C-B037-7E55141FAFF3}.Model_Debug|x86.Build.0 = Model_Debug|x64
		{29EBE96B-F48F-3B7C-B037-7E55141FAFF3}.Release|x64.ActiveCfg = Release|x64
		{29EBE96B-F48F-3B7C-B037-7E55141FAFF3}.Release|x64.Build.0 = Release|x64
		{29EBE96B-F48F-3B7C-B037-7E55141FAFF3}.Release|x86.ActiveCfg = Release|x64
		{29EBE96B-F48F-3B7C-B037-7E55141FAFF3}.Release|x86.Build.0 = Release|x64
		{29EBE96B-F48F-3B7C-B037-7E55141FAFF3}.RelWithDebInfo|x64.ActiveCfg = RelWithDebInfo|x64
		{29EBE96B-F48F-3B7C-B037-7E55141FAFF3}.RelWithDebInfo|x64.Build.0 = RelWithDebInfo|x64
		{29EBE96B-F48F-3B7C-B037-7E55141FAFF3}.RelWithDebInfo|x86.ActiveCfg = RelWithDebInfo|x64
		{29EBE96B-F48F-3B7C-B037-7E55141FAFF3}.RelWithDebInfo|x86.Build.0 = RelWithDebInfo|x64
		{29EBE96B-F48F-3B7C-B037-7E55141FAFF3}.SimpleLine_Debug|x64.ActiveCfg = Debug|x64
		{29EBE96B-F48F-3B7C-B037-7E55141FAFF3}.SimpleLine_Debug|x64.Build.0 = Debug|x64
		{29EBE96B-F48F-3B7C-B037-7E55141FAFF3}.SimpleLine_Debug|x86.ActiveCfg = Debug|x64
		{29EBE96B-F48F-3B7C-B037-7E55141FAFF3}.SimpleLine_Debug|x86.Build.0 = Debug|x64
	EndGlobalSection
	GlobalSection(SolutionProperties) = preSolution
		HideSolutionNode = FALSE
	EndGlobalSection
	GlobalSection(ExtensibilityGlobals) = postSolution
		SolutionGuid = {D54E8591-6F65-4CE6-A2BB-EABF5226153B}
	EndGlobalSection
EndGlobal
